
Microsoft Visual Studio Solution File, Format Version 12.00
# Visual Studio Version 17
VisualStudioVersion = 17.4.33213.308
MinimumVisualStudioVersion = 10.0.40219.1
Project("{9A19103F-16F7-4668-BE54-9A1E7A4F7556}") = "Mawosoft.PowerShell.WindowsSearchManager", "src\Mawosoft.PowerShell.WindowsSearchManager\Mawosoft.PowerShell.WindowsSearchManager.csproj", "{F21787D2-BD47-4B0C-8B00-618AE30E0EA3}"
EndProject
Project("{9A19103F-16F7-4668-BE54-9A1E7A4F7556}") = "Mawosoft.PowerShell.WindowsSearchManager.Tests", "tests\Mawosoft.PowerShell.WindowsSearchManager.Tests\Mawosoft.PowerShell.WindowsSearchManager.Tests.csproj", "{AD6EE66F-35F7-4A96-8D3C-62BD4B2FA981}"
EndProject
Project("{13B669BE-BB05-4DDF-9536-439F39A36129}") = "help", "docs\help\help.msbuildproj", "{2A3D25E2-955F-4AD7-B062-7F5BD6A62AA1}"
EndProject
Project("{13B669BE-BB05-4DDF-9536-439F39A36129}") = "docs", "docs\docs.msbuildproj", "{81E307F2-FB2F-4D0E-8C45-3EFDCD9583E9}"
EndProject
Global
	GlobalSection(SolutionConfigurationPlatforms) = preSolution
		Debug|Any CPU = Debug|Any CPU
		Release|Any CPU = Release|Any CPU
	EndGlobalSection
	GlobalSection(ProjectConfigurationPlatforms) = postSolution
		{F21787D2-BD47-4B0C-8B00-618AE30E0EA3}.Debug|Any CPU.ActiveCfg = Debug|Any CPU
		{F21787D2-BD47-4B0C-8B00-618AE30E0EA3}.Debug|Any CPU.Build.0 = Debug|Any CPU
		{F21787D2-BD47-4B0C-8B00-618AE30E0EA3}.Release|Any CPU.ActiveCfg = Release|Any CPU
		{F21787D2-BD47-4B0C-8B00-618AE30E0EA3}.Release|Any CPU.Build.0 = Release|Any CPU
		{AD6EE66F-35F7-4A96-8D3C-62BD4B2FA981}.Debug|Any CPU.ActiveCfg = Debug|Any CPU
		{AD6EE66F-35F7-4A96-8D3C-62BD4B2FA981}.Debug|Any CPU.Build.0 = Debug|Any CPU
		{AD6EE66F-35F7-4A96-8D3C-62BD4B2FA981}.Release|Any CPU.ActiveCfg = Release|Any CPU
		{AD6EE66F-35F7-4A96-8D3C-62BD4B2FA981}.Release|Any CPU.Build.0 = Release|Any CPU
		{2A3D25E2-955F-4AD7-B062-7F5BD6A62AA1}.Debug|Any CPU.ActiveCfg = Debug|Any CPU
		{2A3D25E2-955F-4AD7-B062-7F5BD6A62AA1}.Debug|Any CPU.Build.0 = Debug|Any CPU
		{2A3D25E2-955F-4AD7-B062-7F5BD6A62AA1}.Release|Any CPU.ActiveCfg = Release|Any CPU
		{2A3D25E2-955F-4AD7-B062-7F5BD6A62AA1}.Release|Any CPU.Build.0 = Release|Any CPU
		{81E307F2-FB2F-4D0E-8C45-3EFDCD9583E9}.Debug|Any CPU.ActiveCfg = Debug|Any CPU
		{81E307F2-FB2F-4D0E-8C45-3EFDCD9583E9}.Debug|Any CPU.Build.0 = Debug|Any CPU
		{81E307F2-FB2F-4D0E-8C45-3EFDCD9583E9}.Release|Any CPU.ActiveCfg = Release|Any CPU
		{81E307F2-FB2F-4D0E-8C45-3EFDCD9583E9}.Release|Any CPU.Build.0 = Release|Any CPU
	EndGlobalSection
	GlobalSection(SolutionProperties) = preSolution
		HideSolutionNode = FALSE
	EndGlobalSection
	GlobalSection(ExtensibilityGlobals) = postSolution
		SolutionGuid = {0B869463-75A1-4152-9541-3062D3FC162D}
	EndGlobalSection
EndGlobal
